
Microsoft Visual Studio Solution File, Format Version 12.00
# Visual Studio Version 16
VisualStudioVersion = 16.0.31205.134
MinimumVisualStudioVersion = 10.0.40219.1
Project("{2150E333-8FDC-42A3-9474-1A3956D46DE8}") = "Libraries", "Libraries", "{C8E68EED-F369-4027-8E87-96A8DA535DC1}"
EndProject
Project("{2150E333-8FDC-42A3-9474-1A3956D46DE8}") = "Projects", "Projects", "{D84E11AB-C75C-478B-AF9F-1618B6DC8158}"
EndProject
Project("{9A19103F-16F7-4668-BE54-9A1E7A4F7556}") = "Authentification", "Authentification\Authentification.csproj", "{025A1700-CED8-4C83-9036-1AA5FF044DF6}"
EndProject
Project("{9A19103F-16F7-4668-BE54-9A1E7A4F7556}") = "ConfigPolicy", "ConfigPolicy\ConfigPolicy.csproj", "{83D42A47-7854-4178-BE7A-728481C25D97}"
EndProject
Project("{9A19103F-16F7-4668-BE54-9A1E7A4F7556}") = "MongoDBAccess", "MongoDBAccess\MongoDBAccess.csproj", "{F84B6369-9E88-4416-A401-7F6088DC18F9}"
EndProject
Project("{2150E333-8FDC-42A3-9474-1A3956D46DE8}") = "Web", "Web", "{96A90DE2-5F3B-420A-AB9F-07B767F171F8}"
EndProject
Project("{2150E333-8FDC-42A3-9474-1A3956D46DE8}") = "Bdd", "Bdd", "{5D8E0662-FCFE-4A98-9295-89189FE3AB64}"
EndProject
Project("{9A19103F-16F7-4668-BE54-9A1E7A4F7556}") = "ControlerRobot", "ControlerRobot\ControlerRobot.csproj", "{6039B751-2A05-416F-8199-F3B3D81DAD36}"
EndProject
Project("{9A19103F-16F7-4668-BE54-9A1E7A4F7556}") = "MQTTBroker", "MQTTBroker\MQTTBroker.csproj", "{40681EE2-CFB2-42B7-9FF6-A8CB2CBC3057}"
EndProject
Project("{FAE04EC0-301F-11D3-BF4B-00C04F79EFBC}") = "APIRobot", "APIRobot\APIRobot.csproj", "{B7569C8B-7205-45A8-AFF1-FDFF7488692C}"
EndProject
Project("{E53339B2-1760-4266-BCC7-CA923CBCF16C}") = "docker-compose", "docker-compose.dcproj", "{708D1808-3AE8-430D-AF2F-38385E173087}"
EndProject
Global
	GlobalSection(SolutionConfigurationPlatforms) = preSolution
		Debug|Any CPU = Debug|Any CPU
		Release|Any CPU = Release|Any CPU
	EndGlobalSection
	GlobalSection(ProjectConfigurationPlatforms) = postSolution
		{025A1700-CED8-4C83-9036-1AA5FF044DF6}.Debug|Any CPU.ActiveCfg = Debug|Any CPU
		{025A1700-CED8-4C83-9036-1AA5FF044DF6}.Debug|Any CPU.Build.0 = Debug|Any CPU
		{025A1700-CED8-4C83-9036-1AA5FF044DF6}.Release|Any CPU.ActiveCfg = Release|Any CPU
		{025A1700-CED8-4C83-9036-1AA5FF044DF6}.Release|Any CPU.Build.0 = Release|Any CPU
		{83D42A47-7854-4178-BE7A-728481C25D97}.Debug|Any CPU.ActiveCfg = Debug|Any CPU
		{83D42A47-7854-4178-BE7A-728481C25D97}.Debug|Any CPU.Build.0 = Debug|Any CPU
		{83D42A47-7854-4178-BE7A-728481C25D97}.Release|Any CPU.ActiveCfg = Release|Any CPU
		{83D42A47-7854-4178-BE7A-728481C25D97}.Release|Any CPU.Build.0 = Release|Any CPU
		{F84B6369-9E88-4416-A401-7F6088DC18F9}.Debug|Any CPU.ActiveCfg = Debug|Any CPU
		{F84B6369-9E88-4416-A401-7F6088DC18F9}.Debug|Any CPU.Build.0 = Debug|Any CPU
		{F84B6369-9E88-4416-A401-7F6088DC18F9}.Release|Any CPU.ActiveCfg = Release|Any CPU
		{F84B6369-9E88-4416-A401-7F6088DC18F9}.Release|Any CPU.Build.0 = Release|Any CPU
		{6039B751-2A05-416F-8199-F3B3D81DAD36}.Debug|Any CPU.ActiveCfg = Debug|Any CPU
		{6039B751-2A05-416F-8199-F3B3D81DAD36}.Debug|Any CPU.Build.0 = Debug|Any CPU
		{6039B751-2A05-416F-8199-F3B3D81DAD36}.Release|Any CPU.ActiveCfg = Release|Any CPU
		{6039B751-2A05-416F-8199-F3B3D81DAD36}.Release|Any CPU.Build.0 = Release|Any CPU
		{40681EE2-CFB2-42B7-9FF6-A8CB2CBC3057}.Debug|Any CPU.ActiveCfg = Debug|Any CPU
		{40681EE2-CFB2-42B7-9FF6-A8CB2CBC3057}.Debug|Any CPU.Build.0 = Debug|Any CPU
		{40681EE2-CFB2-42B7-9FF6-A8CB2CBC3057}.Release|Any CPU.ActiveCfg = Release|Any CPU
		{40681EE2-CFB2-42B7-9FF6-A8CB2CBC3057}.Release|Any CPU.Build.0 = Release|Any CPU
		{B7569C8B-7205-45A8-AFF1-FDFF7488692C}.Debug|Any CPU.ActiveCfg = Debug|Any CPU
		{B7569C8B-7205-45A8-AFF1-FDFF7488692C}.Debug|Any CPU.Build.0 = Debug|Any CPU
		{B7569C8B-7205-45A8-AFF1-FDFF7488692C}.Release|Any CPU.ActiveCfg = Release|Any CPU
		{B7569C8B-7205-45A8-AFF1-FDFF7488692C}.Release|Any CPU.Build.0 = Release|Any CPU
		{708D1808-3AE8-430D-AF2F-38385E173087}.Debug|Any CPU.ActiveCfg = Debug|Any CPU
		{708D1808-3AE8-430D-AF2F-38385E173087}.Debug|Any CPU.Build.0 = Debug|Any CPU
		{708D1808-3AE8-430D-AF2F-38385E173087}.Release|Any CPU.ActiveCfg = Release|Any CPU
		{708D1808-3AE8-430D-AF2F-38385E173087}.Release|Any CPU.Build.0 = Release|Any CPU
	EndGlobalSection
	GlobalSection(SolutionProperties) = preSolution
		HideSolutionNode = FALSE
	EndGlobalSection
	GlobalSection(NestedProjects) = preSolution
		{025A1700-CED8-4C83-9036-1AA5FF044DF6} = {C8E68EED-F369-4027-8E87-96A8DA535DC1}
		{83D42A47-7854-4178-BE7A-728481C25D97} = {96A90DE2-5F3B-420A-AB9F-07B767F171F8}
		{F84B6369-9E88-4416-A401-7F6088DC18F9} = {5D8E0662-FCFE-4A98-9295-89189FE3AB64}
		{96A90DE2-5F3B-420A-AB9F-07B767F171F8} = {C8E68EED-F369-4027-8E87-96A8DA535DC1}
		{5D8E0662-FCFE-4A98-9295-89189FE3AB64} = {C8E68EED-F369-4027-8E87-96A8DA535DC1}
		{6039B751-2A05-416F-8199-F3B3D81DAD36} = {D84E11AB-C75C-478B-AF9F-1618B6DC8158}
		{40681EE2-CFB2-42B7-9FF6-A8CB2CBC3057} = {C8E68EED-F369-4027-8E87-96A8DA535DC1}
		{B7569C8B-7205-45A8-AFF1-FDFF7488692C} = {D84E11AB-C75C-478B-AF9F-1618B6DC8158}
	EndGlobalSection
	GlobalSection(ExtensibilityGlobals) = postSolution
		SolutionGuid = {6E1C1EF3-1B3A-46DC-83E9-6BDB4DEE7FF4}
	EndGlobalSection
EndGlobal
