
Microsoft Visual Studio Solution File, Format Version 12.00
# Visual Studio Version 16
VisualStudioVersion = 16.0.31205.134
MinimumVisualStudioVersion = 10.0.40219.1
Project("{2150E333-8FDC-42A3-9474-1A3956D46DE8}") = "Libraries", "Libraries", "{B3FEC1F4-41BF-48F3-AF01-80635567ED08}"
EndProject
Project("{2150E333-8FDC-42A3-9474-1A3956D46DE8}") = "Projects", "Projects", "{D5A3719B-1F0A-4F52-9A1E-6E5357985FA5}"
EndProject
Project("{2150E333-8FDC-42A3-9474-1A3956D46DE8}") = "DockerCompose", "DockerCompose", "{EE8CD035-3468-43B3-9144-77604F3F2870}"
EndProject
Project("{9A19103F-16F7-4668-BE54-9A1E7A4F7556}") = "Authentification", "Libraries\Authentification\Authentification.csproj", "{8909F502-928E-41E2-9F7A-AD0B2E1C26F5}"
EndProject
Project("{9A19103F-16F7-4668-BE54-9A1E7A4F7556}") = "ConfigPolicy", "Libraries\ConfigPolicy\ConfigPolicy.csproj", "{77809218-E30E-41D4-9A0B-A88C5C2EED03}"
EndProject
Project("{9A19103F-16F7-4668-BE54-9A1E7A4F7556}") = "MongoDBAccess", "Libraries\MongoDBAccess\MongoDBAccess.csproj", "{A92F676E-0604-42D0-AC42-6D5E52404AE4}"
EndProject
Project("{FAE04EC0-301F-11D3-BF4B-00C04F79EFBC}") = "MQTTLib", "Libraries\MQTTLib\MQTTLib.csproj", "{6CA0B04D-A3A7-4111-A910-C06F1DA40B3A}"
EndProject
Project("{9A19103F-16F7-4668-BE54-9A1E7A4F7556}") = "CertifcateTool", "Libraries\CertifcateTool\CertifcateTool.csproj", "{263A34E7-8B57-48A7-A14D-E4706734F273}"
EndProject
Project("{9A19103F-16F7-4668-BE54-9A1E7A4F7556}") = "MongoSeeding", "Projects\MongoSeeding\MongoSeeding.csproj", "{6CEF1837-3832-4DD7-BBBD-0E32EA5435DD}"
EndProject
Project("{9A19103F-16F7-4668-BE54-9A1E7A4F7556}") = "SharedModels", "Projects\SharedModels\SharedModels.csproj", "{332ACF16-441B-46B5-AEA3-DDE5A60A5A9C}"
EndProject
Project("{9A19103F-16F7-4668-BE54-9A1E7A4F7556}") = "APIRobot", "Projects\APIRobot\APIRobot.csproj", "{29E73511-5BCC-4C4A-958F-5926ADD1498E}"
EndProject
Global
	GlobalSection(SolutionConfigurationPlatforms) = preSolution
		Debug|Any CPU = Debug|Any CPU
		Release|Any CPU = Release|Any CPU
	EndGlobalSection
	GlobalSection(ProjectConfigurationPlatforms) = postSolution
		{8909F502-928E-41E2-9F7A-AD0B2E1C26F5}.Debug|Any CPU.ActiveCfg = Debug|Any CPU
		{8909F502-928E-41E2-9F7A-AD0B2E1C26F5}.Debug|Any CPU.Build.0 = Debug|Any CPU
		{8909F502-928E-41E2-9F7A-AD0B2E1C26F5}.Release|Any CPU.ActiveCfg = Release|Any CPU
		{8909F502-928E-41E2-9F7A-AD0B2E1C26F5}.Release|Any CPU.Build.0 = Release|Any CPU
		{77809218-E30E-41D4-9A0B-A88C5C2EED03}.Debug|Any CPU.ActiveCfg = Debug|Any CPU
		{77809218-E30E-41D4-9A0B-A88C5C2EED03}.Debug|Any CPU.Build.0 = Debug|Any CPU
		{77809218-E30E-41D4-9A0B-A88C5C2EED03}.Release|Any CPU.ActiveCfg = Release|Any CPU
		{77809218-E30E-41D4-9A0B-A88C5C2EED03}.Release|Any CPU.Build.0 = Release|Any CPU
		{A92F676E-0604-42D0-AC42-6D5E52404AE4}.Debug|Any CPU.ActiveCfg = Debug|Any CPU
		{A92F676E-0604-42D0-AC42-6D5E52404AE4}.Debug|Any CPU.Build.0 = Debug|Any CPU
		{A92F676E-0604-42D0-AC42-6D5E52404AE4}.Release|Any CPU.ActiveCfg = Release|Any CPU
		{A92F676E-0604-42D0-AC42-6D5E52404AE4}.Release|Any CPU.Build.0 = Release|Any CPU
		{6CA0B04D-A3A7-4111-A910-C06F1DA40B3A}.Debug|Any CPU.ActiveCfg = Debug|Any CPU
		{6CA0B04D-A3A7-4111-A910-C06F1DA40B3A}.Debug|Any CPU.Build.0 = Debug|Any CPU
		{6CA0B04D-A3A7-4111-A910-C06F1DA40B3A}.Release|Any CPU.ActiveCfg = Release|Any CPU
		{6CA0B04D-A3A7-4111-A910-C06F1DA40B3A}.Release|Any CPU.Build.0 = Release|Any CPU
		{263A34E7-8B57-48A7-A14D-E4706734F273}.Debug|Any CPU.ActiveCfg = Debug|Any CPU
		{263A34E7-8B57-48A7-A14D-E4706734F273}.Debug|Any CPU.Build.0 = Debug|Any CPU
		{263A34E7-8B57-48A7-A14D-E4706734F273}.Release|Any CPU.ActiveCfg = Release|Any CPU
		{263A34E7-8B57-48A7-A14D-E4706734F273}.Release|Any CPU.Build.0 = Release|Any CPU
		{6CEF1837-3832-4DD7-BBBD-0E32EA5435DD}.Debug|Any CPU.ActiveCfg = Debug|Any CPU
		{6CEF1837-3832-4DD7-BBBD-0E32EA5435DD}.Debug|Any CPU.Build.0 = Debug|Any CPU
		{6CEF1837-3832-4DD7-BBBD-0E32EA5435DD}.Release|Any CPU.ActiveCfg = Release|Any CPU
		{6CEF1837-3832-4DD7-BBBD-0E32EA5435DD}.Release|Any CPU.Build.0 = Release|Any CPU
		{332ACF16-441B-46B5-AEA3-DDE5A60A5A9C}.Debug|Any CPU.ActiveCfg = Debug|Any CPU
		{332ACF16-441B-46B5-AEA3-DDE5A60A5A9C}.Debug|Any CPU.Build.0 = Debug|Any CPU
		{332ACF16-441B-46B5-AEA3-DDE5A60A5A9C}.Release|Any CPU.ActiveCfg = Release|Any CPU
		{332ACF16-441B-46B5-AEA3-DDE5A60A5A9C}.Release|Any CPU.Build.0 = Release|Any CPU
		{29E73511-5BCC-4C4A-958F-5926ADD1498E}.Debug|Any CPU.ActiveCfg = Debug|Any CPU
		{29E73511-5BCC-4C4A-958F-5926ADD1498E}.Debug|Any CPU.Build.0 = Debug|Any CPU
		{29E73511-5BCC-4C4A-958F-5926ADD1498E}.Release|Any CPU.ActiveCfg = Release|Any CPU
		{29E73511-5BCC-4C4A-958F-5926ADD1498E}.Release|Any CPU.Build.0 = Release|Any CPU
	EndGlobalSection
	GlobalSection(SolutionProperties) = preSolution
		HideSolutionNode = FALSE
	EndGlobalSection
	GlobalSection(NestedProjects) = preSolution
		{8909F502-928E-41E2-9F7A-AD0B2E1C26F5} = {B3FEC1F4-41BF-48F3-AF01-80635567ED08}
		{77809218-E30E-41D4-9A0B-A88C5C2EED03} = {B3FEC1F4-41BF-48F3-AF01-80635567ED08}
		{A92F676E-0604-42D0-AC42-6D5E52404AE4} = {B3FEC1F4-41BF-48F3-AF01-80635567ED08}
		{6CA0B04D-A3A7-4111-A910-C06F1DA40B3A} = {B3FEC1F4-41BF-48F3-AF01-80635567ED08}
		{263A34E7-8B57-48A7-A14D-E4706734F273} = {B3FEC1F4-41BF-48F3-AF01-80635567ED08}
		{6CEF1837-3832-4DD7-BBBD-0E32EA5435DD} = {D5A3719B-1F0A-4F52-9A1E-6E5357985FA5}
		{332ACF16-441B-46B5-AEA3-DDE5A60A5A9C} = {D5A3719B-1F0A-4F52-9A1E-6E5357985FA5}
		{29E73511-5BCC-4C4A-958F-5926ADD1498E} = {D5A3719B-1F0A-4F52-9A1E-6E5357985FA5}
	EndGlobalSection
	GlobalSection(ExtensibilityGlobals) = postSolution
		SolutionGuid = {5A699708-2623-4096-8E3F-524C23F01DB6}
	EndGlobalSection
EndGlobal
